{
  "name": "vite_react_shadcn_ts",
  "version": "0.0.0",
  "lockfileVersion": 3,
  "requires": true,
  "packages": {
    "": {
      "name": "vite_react_shadcn_ts",
      "version": "0.0.0",
      "private": true,
      "dependencies": {
        "@hookform/resolvers": "^3.10.0",
        "@radix-ui/react-accordion": "^1.2.11",
        "@radix-ui/react-alert-dialog": "^1.1.14",
        "@radix-ui/react-aspect-ratio": "^1.1.7",
        "@radix-ui/react-avatar": "^1.1.10",
        "@radix-ui/react-checkbox": "^1.3.2",
        "@radix-ui/react-collapsible": "^1.1.11",
        "@radix-ui/react-context-menu": "^2.2.15",
        "@radix-ui/react-dialog": "^1.1.14",
        "@radix-ui/react-dropdown-menu": "^2.1.15",
        "@radix-ui/react-hover-card": "^1.1.14",
        "@radix-ui/react-label": "^2.1.7",
        "@radix-ui/react-menubar": "^1.1.15",
        "@radix-ui/react-navigation-menu": "^1.2.13",
        "@radix-ui/react-popover": "^1.1.14",
        "@radix-ui/react-progress": "^1.1.7",
        "@radix-ui/react-radio-group": "^1.3.7",
        "@radix-ui/react-scroll-area": "^1.2.9",
        "@radix-ui/react-select": "^2.2.5",
        "@radix-ui/react-separator": "^1.1.7",
        "@radix-ui/react-slider": "^1.3.5",
        "@radix-ui/react-slot": "^1.2.3",
        "@radix-ui/react-switch": "^1.2.5",
        "@radix-ui/react-tabs": "^1.1.12",
        "@radix-ui/react-toast": "^1.2.14",
        "@radix-ui/react-toggle": "^1.1.9",
        "@radix-ui/react-toggle-group": "^1.1.10",
        "@radix-ui/react-tooltip": "^1.2.7",
        "@tanstack/react-query": "^5.83.0",
        "class-variance-authority": "^0.7.1",
        "clsx": "^2.1.1",
        "cmdk": "^1.1.1",
        "date-fns": "^3.6.0",
        "embla-carousel-react": "^8.6.0",
        "input-otp": "^1.4.2",
        "lucide-react": "^0.462.0",
        "next-themes": "^0.3.0",
        "react": "^18.3.1",
        "react-day-picker": "^8.10.1",
        "react-dom": "^18.3.1",
        "react-hook-form": "^7.61.1",
        "react-hot-toast": "^2.6.0",
        "react-icons": "^5.5.0",
        "react-player": "^3.3.3",
        "react-resizable-panels": "^2.1.9",
        "react-router-dom": "^6.30.1",
        "react-toastify": "^11.0.5",
        "recharts": "^2.15.4",
        "sonner": "^1.7.4",
        "tailwind-merge": "^2.6.0",
        "tailwindcss-animate": "^1.0.7",
        "vaul": "^0.9.9",
        "zod": "^3.25.76"
      }
    }
  },
  "dependencies": {
    "@hookform/resolvers": {
      "version": "^3.10.0",
      "resolved": "",
      "integrity": ""
    },
    "@radix-ui/react-accordion": {
      "version": "^1.2.11",
      "resolved": "",
      "integrity": ""
    },
    "@radix-ui/react-alert-dialog": {
      "version": "^1.1.14",
      "resolved": "",
      "integrity": ""
    },
    "@radix-ui/react-aspect-ratio": {
      "version": "^1.1.7",
      "resolved": "",
      "integrity": ""
    },
    "@radix-ui/react-avatar": {
      "version": "^1.1.10",
      "resolved": "",
      "integrity": ""
    },
    "@radix-ui/react-checkbox": {
      "version": "^1.3.2",
      "resolved": "",
      "integrity": ""
    },
    "@radix-ui/react-collapsible": {
      "version": "^1.1.11",
      "resolved": "",
      "integrity": ""
    },
    "@radix-ui/react-context-menu": {
      "version": "^2.2.15",
      "resolved": "",
      "integrity": ""
    },
    "@radix-ui/react-dialog": {
      "version": "^1.1.14",
      "resolved": "",
      "integrity": ""
    },
    "@radix-ui/react-dropdown-menu": {
      "version": "^2.1.15",
      "resolved": "",
      "integrity": ""
    },
    "@radix-ui/react-hover-card": {
      "version": "^1.1.14",
      "resolved": "",
      "integrity": ""
    },
    "@radix-ui/react-label": {
      "version": "^2.1.7",
      "resolved": "",
      "integrity": ""
    },
    "@radix-ui/react-menubar": {
      "version": "^1.1.15",
      "resolved": "",
      "integrity": ""
    },
    "@radix-ui/react-navigation-menu": {
      "version": "^1.2.13",
      "resolved": "",
      "integrity": ""
    },
    "@radix-ui/react-popover": {
      "version": "^1.1.14",
      "resolved": "",
      "integrity": ""
    },
    "@radix-ui/react-progress": {
      "version": "^1.1.7",
      "resolved": "",
      "integrity": ""
    },
    "@radix-ui/react-radio-group": {
      "version": "^1.3.7",
      "resolved": "",
      "integrity": ""
    },
    "@radix-ui/react-scroll-area": {
      "version": "^1.2.9",
      "resolved": "",
      "integrity": ""
    },
    "@radix-ui/react-select": {
      "version": "^2.2.5",
      "resolved": "",
      "integrity": ""
    },
    "@radix-ui/react-separator": {
      "version": "^1.1.7",
      "resolved": "",
      "integrity": ""
    },
    "@radix-ui/react-slider": {
      "version": "^1.3.5",
      "resolved": "",
      "integrity": ""
    },
    "@radix-ui/react-slot": {
      "version": "^1.2.3",
      "resolved": "",
      "integrity": ""
    },
    "@radix-ui/react-switch": {
      "version": "^1.2.5",
      "resolved": "",
      "integrity": ""
    },
    "@radix-ui/react-tabs": {
      "version": "^1.1.12",
      "resolved": "",
      "integrity": ""
    },
    "@radix-ui/react-toast": {
      "version": "^1.2.14",
      "resolved": "",
      "integrity": ""
    },
    "@radix-ui/react-toggle": {
      "version": "^1.1.9",
      "resolved": "",
      "integrity": ""
    },
    "@radix-ui/react-toggle-group": {
      "version": "^1.1.10",
      "resolved": "",
      "integrity": ""
    },
    "@radix-ui/react-tooltip": {
      "version": "^1.2.7",
      "resolved": "",
      "integrity": ""
    },
    "@tanstack/react-query": {
      "version": "^5.83.0",
      "resolved": "",
      "integrity": ""
    },
    "class-variance-authority": {
      "version": "^0.7.1",
      "resolved": "",
      "integrity": ""
    },
    "clsx": {
      "version": "^2.1.1",
      "resolved": "",
      "integrity": ""
    },
    "cmdk": {
      "version": "^1.1.1",
      "resolved": "",
      "integrity": ""
    },
    "date-fns": {
      "version": "^3.6.0",
      "resolved": "",
      "integrity": ""
    },
    "embla-carousel-react": {
      "version": "^8.6.0",
      "resolved": "",
      "integrity": ""
    },
    "input-otp": {
      "version": "^1.4.2",
      "resolved": "",
      "integrity": ""
    },
    "lucide-react": {
      "version": "^0.462.0",
      "resolved": "",
      "integrity": ""
    },
    "next-themes": {
      "version": "^0.3.0",
      "resolved": "",
      "integrity": ""
    },
    "react": {
      "version": "^18.3.1",
      "resolved": "",
      "integrity": ""
    },
    "react-day-picker": {
      "version": "^8.10.1",
      "resolved": "",
      "integrity": ""
    },
    "react-dom": {
      "version": "^18.3.1",
      "resolved": "",
      "integrity": ""
    },
    "react-hook-form": {
      "version": "^7.61.1",
      "resolved": "",
      "integrity": ""
    },
    "react-hot-toast": {
      "version": "^2.6.0",
      "resolved": "",
      "integrity": ""
    },
    "react-icons": {
      "version": "^5.5.0",
      "resolved": "",
      "integrity": ""
    },
    "react-player": {
      "version": "^3.3.3",
      "resolved": "",
      "integrity": ""
    },
    "react-resizable-panels": {
      "version": "^2.1.9",
      "resolved": "",
      "integrity": ""
    },
    "react-router-dom": {
      "version": "^6.30.1",
      "resolved": "",
      "integrity": ""
    },
    "react-toastify": {
      "version": "^11.0.5",
      "resolved": "",
      "integrity": ""
    },
    "recharts": {
      "version": "^2.15.4",
      "resolved": "",
      "integrity": ""
    },
    "sonner": {
      "version": "^1.7.4",
      "resolved": "",
      "integrity": ""
    },
    "tailwind-merge": {
      "version": "^2.6.0",
      "resolved": "",
      "integrity": ""
    },
    "tailwindcss-animate": {
      "version": "^1.0.7",
      "resolved": "",
      "integrity": ""
    },
    "vaul": {
      "version": "^0.9.9",
      "resolved": "",
      "integrity": ""
    },
    "zod": {
      "version": "^3.25.76",
      "resolved": "",
      "integrity": ""
    }
  }
}
